
Microsoft Visual Studio Solution File, Format Version 12.00
# Visual Studio Version 16
VisualStudioVersion = 16.0.34601.136
MinimumVisualStudioVersion = 10.0.40219.1
Project("{FAE04EC0-301F-11D3-BF4B-00C04F79EFBC}") = "MatchGame", "MatchGame.csproj", "{391AED7D-2789-46E6-812D-42C7D84F8F1D}"
EndProject
Global
	GlobalSection(SolutionConfigurationPlatforms) = preSolution
		Debug|Any CPU = Debug|Any CPU
		Release|Any CPU = Release|Any CPU
	EndGlobalSection
	GlobalSection(ProjectConfigurationPlatforms) = postSolution
		{391AED7D-2789-46E6-812D-42C7D84F8F1D}.Debug|Any CPU.ActiveCfg = Debug|Any CPU
		{391AED7D-2789-46E6-812D-42C7D84F8F1D}.Debug|Any CPU.Build.0 = Debug|Any CPU
		{391AED7D-2789-46E6-812D-42C7D84F8F1D}.Release|Any CPU.ActiveCfg = Release|Any CPU
		{391AED7D-2789-46E6-812D-42C7D84F8F1D}.Release|Any CPU.Build.0 = Release|Any CPU
	EndGlobalSection
	GlobalSection(SolutionProperties) = preSolution
		HideSolutionNode = FALSE
	EndGlobalSection
	GlobalSection(ExtensibilityGlobals) = postSolution
		SolutionGuid = {EA23500C-0CE4-44DA-82F3-2590B6816BE7}
	EndGlobalSection
EndGlobal
